
Microsoft Visual Studio Solution File, Format Version 12.00
# Visual Studio Version 16
VisualStudioVersion = 16.0.30803.129
MinimumVisualStudioVersion = 10.0.40219.1
Project("{2150E333-8FDC-42A3-9474-1A3956D46DE8}") = "Chapter02", "Chapter02", "{81ACBA6B-5948-4F0B-80D9-F0B46CAC8CFD}"
EndProject
Project("{9A19103F-16F7-4668-BE54-9A1E7A4F7556}") = "GameMap", "Chapter02\GameMap\GameMap.csproj", "{13BF21EC-0ECE-43FB-B355-3491F51575EE}"
EndProject
Project("{9A19103F-16F7-4668-BE54-9A1E7A4F7556}") = "YearlyTransportPlan", "Chapter02\YearlyTransportPlan\YearlyTransportPlan.csproj", "{156324C0-2E66-43A1-9664-3EFE1860A07D}"
EndProject
Project("{9A19103F-16F7-4668-BE54-9A1E7A4F7556}") = "SelectionSort", "Chapter02\SelectionSort\SelectionSort.csproj", "{CCA41711-614C-44FF-B946-DF09CFF05C3D}"
EndProject
Project("{FAE04EC0-301F-11D3-BF4B-00C04F79EFBC}") = "InsertionSort", "Chapter02\InsertionSort\InsertionSort.csproj", "{C9644447-4B13-4D11-99BA-B4056957DCCD}"
EndProject
Project("{FAE04EC0-301F-11D3-BF4B-00C04F79EFBC}") = "SortLib", "Chapter02\SortLib\SortLib.csproj", "{C79D5954-99A6-45EA-9AD3-6E36F2F03FF3}"
EndProject
Project("{FAE04EC0-301F-11D3-BF4B-00C04F79EFBC}") = "BubbleSort", "Chapter02\BubbleSort\BubbleSort.csproj", "{43CDF079-811D-46E4-839B-0FD23AFC1176}"
EndProject
Project("{FAE04EC0-301F-11D3-BF4B-00C04F79EFBC}") = "QuickSort", "Chapter02\QuickSort\QuickSort.csproj", "{3526683E-4CAD-49DB-9E85-89F749D07D07}"
EndProject
Project("{FAE04EC0-301F-11D3-BF4B-00C04F79EFBC}") = "AverageValue", "Chapter02\AverageValue\AverageValue.csproj", "{5946AA07-380D-4EBF-942E-F42B77F3E21B}"
EndProject
Project("{FAE04EC0-301F-11D3-BF4B-00C04F79EFBC}") = "ListOfPeople", "Chapter02\ListOfPeople\ListOfPeople.csproj", "{D58F4109-CDB5-4943-A4A1-DFF2EA9C7B28}"
EndProject
Project("{FAE04EC0-301F-11D3-BF4B-00C04F79EFBC}") = "AddressBook", "Chapter02\AddressBook\AddressBook.csproj", "{FFE675A2-CF91-45C5-9945-6A87E3B1DB80}"
EndProject
Project("{FAE04EC0-301F-11D3-BF4B-00C04F79EFBC}") = "BookReader", "Chapter02\BookReader\BookReader.csproj", "{A1584D44-B419-4259-AD31-F693F9741E09}"
EndProject
Project("{FAE04EC0-301F-11D3-BF4B-00C04F79EFBC}") = "SpinTheWheel", "Chapter02\SpinTheWheel\SpinTheWheel.csproj", "{CE7A786A-4307-4D54-ACBE-0CF24965223A}"
EndProject
Global
	GlobalSection(SolutionConfigurationPlatforms) = preSolution
		Debug|Any CPU = Debug|Any CPU
		Release|Any CPU = Release|Any CPU
	EndGlobalSection
	GlobalSection(ProjectConfigurationPlatforms) = postSolution
		{13BF21EC-0ECE-43FB-B355-3491F51575EE}.Debug|Any CPU.ActiveCfg = Debug|Any CPU
		{13BF21EC-0ECE-43FB-B355-3491F51575EE}.Debug|Any CPU.Build.0 = Debug|Any CPU
		{13BF21EC-0ECE-43FB-B355-3491F51575EE}.Release|Any CPU.ActiveCfg = Release|Any CPU
		{13BF21EC-0ECE-43FB-B355-3491F51575EE}.Release|Any CPU.Build.0 = Release|Any CPU
		{156324C0-2E66-43A1-9664-3EFE1860A07D}.Debug|Any CPU.ActiveCfg = Debug|Any CPU
		{156324C0-2E66-43A1-9664-3EFE1860A07D}.Debug|Any CPU.Build.0 = Debug|Any CPU
		{156324C0-2E66-43A1-9664-3EFE1860A07D}.Release|Any CPU.ActiveCfg = Release|Any CPU
		{156324C0-2E66-43A1-9664-3EFE1860A07D}.Release|Any CPU.Build.0 = Release|Any CPU
		{CCA41711-614C-44FF-B946-DF09CFF05C3D}.Debug|Any CPU.ActiveCfg = Debug|Any CPU
		{CCA41711-614C-44FF-B946-DF09CFF05C3D}.Debug|Any CPU.Build.0 = Debug|Any CPU
		{CCA41711-614C-44FF-B946-DF09CFF05C3D}.Release|Any CPU.ActiveCfg = Release|Any CPU
		{CCA41711-614C-44FF-B946-DF09CFF05C3D}.Release|Any CPU.Build.0 = Release|Any CPU
		{C9644447-4B13-4D11-99BA-B4056957DCCD}.Debug|Any CPU.ActiveCfg = Debug|Any CPU
		{C9644447-4B13-4D11-99BA-B4056957DCCD}.Debug|Any CPU.Build.0 = Debug|Any CPU
		{C9644447-4B13-4D11-99BA-B4056957DCCD}.Release|Any CPU.ActiveCfg = Release|Any CPU
		{C9644447-4B13-4D11-99BA-B4056957DCCD}.Release|Any CPU.Build.0 = Release|Any CPU
		{C79D5954-99A6-45EA-9AD3-6E36F2F03FF3}.Debug|Any CPU.ActiveCfg = Debug|Any CPU
		{C79D5954-99A6-45EA-9AD3-6E36F2F03FF3}.Debug|Any CPU.Build.0 = Debug|Any CPU
		{C79D5954-99A6-45EA-9AD3-6E36F2F03FF3}.Release|Any CPU.ActiveCfg = Release|Any CPU
		{C79D5954-99A6-45EA-9AD3-6E36F2F03FF3}.Release|Any CPU.Build.0 = Release|Any CPU
		{43CDF079-811D-46E4-839B-0FD23AFC1176}.Debug|Any CPU.ActiveCfg = Debug|Any CPU
		{43CDF079-811D-46E4-839B-0FD23AFC1176}.Debug|Any CPU.Build.0 = Debug|Any CPU
		{43CDF079-811D-46E4-839B-0FD23AFC1176}.Release|Any CPU.ActiveCfg = Release|Any CPU
		{43CDF079-811D-46E4-839B-0FD23AFC1176}.Release|Any CPU.Build.0 = Release|Any CPU
		{3526683E-4CAD-49DB-9E85-89F749D07D07}.Debug|Any CPU.ActiveCfg = Debug|Any CPU
		{3526683E-4CAD-49DB-9E85-89F749D07D07}.Debug|Any CPU.Build.0 = Debug|Any CPU
		{3526683E-4CAD-49DB-9E85-89F749D07D07}.Release|Any CPU.ActiveCfg = Release|Any CPU
		{3526683E-4CAD-49DB-9E85-89F749D07D07}.Release|Any CPU.Build.0 = Release|Any CPU
		{5946AA07-380D-4EBF-942E-F42B77F3E21B}.Debug|Any CPU.ActiveCfg = Debug|Any CPU
		{5946AA07-380D-4EBF-942E-F42B77F3E21B}.Debug|Any CPU.Build.0 = Debug|Any CPU
		{5946AA07-380D-4EBF-942E-F42B77F3E21B}.Release|Any CPU.ActiveCfg = Release|Any CPU
		{5946AA07-380D-4EBF-942E-F42B77F3E21B}.Release|Any CPU.Build.0 = Release|Any CPU
		{D58F4109-CDB5-4943-A4A1-DFF2EA9C7B28}.Debug|Any CPU.ActiveCfg = Debug|Any CPU
		{D58F4109-CDB5-4943-A4A1-DFF2EA9C7B28}.Debug|Any CPU.Build.0 = Debug|Any CPU
		{D58F4109-CDB5-4943-A4A1-DFF2EA9C7B28}.Release|Any CPU.ActiveCfg = Release|Any CPU
		{D58F4109-CDB5-4943-A4A1-DFF2EA9C7B28}.Release|Any CPU.Build.0 = Release|Any CPU
		{FFE675A2-CF91-45C5-9945-6A87E3B1DB80}.Debug|Any CPU.ActiveCfg = Debug|Any CPU
		{FFE675A2-CF91-45C5-9945-6A87E3B1DB80}.Debug|Any CPU.Build.0 = Debug|Any CPU
		{FFE675A2-CF91-45C5-9945-6A87E3B1DB80}.Release|Any CPU.ActiveCfg = Release|Any CPU
		{FFE675A2-CF91-45C5-9945-6A87E3B1DB80}.Release|Any CPU.Build.0 = Release|Any CPU
		{A1584D44-B419-4259-AD31-F693F9741E09}.Debug|Any CPU.ActiveCfg = Debug|Any CPU
		{A1584D44-B419-4259-AD31-F693F9741E09}.Debug|Any CPU.Build.0 = Debug|Any CPU
		{A1584D44-B419-4259-AD31-F693F9741E09}.Release|Any CPU.ActiveCfg = Release|Any CPU
		{A1584D44-B419-4259-AD31-F693F9741E09}.Release|Any CPU.Build.0 = Release|Any CPU
		{CE7A786A-4307-4D54-ACBE-0CF24965223A}.Debug|Any CPU.ActiveCfg = Debug|Any CPU
		{CE7A786A-4307-4D54-ACBE-0CF24965223A}.Debug|Any CPU.Build.0 = Debug|Any CPU
		{CE7A786A-4307-4D54-ACBE-0CF24965223A}.Release|Any CPU.ActiveCfg = Release|Any CPU
		{CE7A786A-4307-4D54-ACBE-0CF24965223A}.Release|Any CPU.Build.0 = Release|Any CPU
	EndGlobalSection
	GlobalSection(SolutionProperties) = preSolution
		HideSolutionNode = FALSE
	EndGlobalSection
	GlobalSection(NestedProjects) = preSolution
		{13BF21EC-0ECE-43FB-B355-3491F51575EE} = {81ACBA6B-5948-4F0B-80D9-F0B46CAC8CFD}
		{156324C0-2E66-43A1-9664-3EFE1860A07D} = {81ACBA6B-5948-4F0B-80D9-F0B46CAC8CFD}
		{CCA41711-614C-44FF-B946-DF09CFF05C3D} = {81ACBA6B-5948-4F0B-80D9-F0B46CAC8CFD}
		{C9644447-4B13-4D11-99BA-B4056957DCCD} = {81ACBA6B-5948-4F0B-80D9-F0B46CAC8CFD}
		{C79D5954-99A6-45EA-9AD3-6E36F2F03FF3} = {81ACBA6B-5948-4F0B-80D9-F0B46CAC8CFD}
		{43CDF079-811D-46E4-839B-0FD23AFC1176} = {81ACBA6B-5948-4F0B-80D9-F0B46CAC8CFD}
		{3526683E-4CAD-49DB-9E85-89F749D07D07} = {81ACBA6B-5948-4F0B-80D9-F0B46CAC8CFD}
		{5946AA07-380D-4EBF-942E-F42B77F3E21B} = {81ACBA6B-5948-4F0B-80D9-F0B46CAC8CFD}
		{D58F4109-CDB5-4943-A4A1-DFF2EA9C7B28} = {81ACBA6B-5948-4F0B-80D9-F0B46CAC8CFD}
		{FFE675A2-CF91-45C5-9945-6A87E3B1DB80} = {81ACBA6B-5948-4F0B-80D9-F0B46CAC8CFD}
		{A1584D44-B419-4259-AD31-F693F9741E09} = {81ACBA6B-5948-4F0B-80D9-F0B46CAC8CFD}
		{CE7A786A-4307-4D54-ACBE-0CF24965223A} = {81ACBA6B-5948-4F0B-80D9-F0B46CAC8CFD}
	EndGlobalSection
	GlobalSection(ExtensibilityGlobals) = postSolution
		SolutionGuid = {630666B0-6194-4E63-A81D-17D4DF6A090F}
	EndGlobalSection
EndGlobal
